
Microsoft Visual Studio Solution File, Format Version 12.00
# Visual Studio Version 17
VisualStudioVersion = 17.9.34728.123
MinimumVisualStudioVersion = 10.0.40219.1
Project("{2150E333-8FDC-42A3-9474-1A3956D46DE8}") = "src", "src", "{81E9CA26-17C9-4E80-AACD-7E44E1249373}"
EndProject
Project("{2150E333-8FDC-42A3-9474-1A3956D46DE8}") = "Common", "Common", "{7AA7A53C-3895-48F7-A83A-BC2136A47D22}"
EndProject
Project("{9A19103F-16F7-4668-BE54-9A1E7A4F7556}") = "Domain", "Project.Domain\Domain.csproj", "{1BCF5936-F605-43A8-AB1B-A679A12905CB}"
EndProject
Project("{9A19103F-16F7-4668-BE54-9A1E7A4F7556}") = "Application", "Project.Application\Application.csproj", "{81FE49B7-B55C-49D5-9AF5-AF62FB4115BF}"
EndProject
Project("{9A19103F-16F7-4668-BE54-9A1E7A4F7556}") = "Infrastructure", "Project.Infrastructure\Infrastructure.csproj", "{1112C0E4-61C9-4E1B-A313-670033609DBE}"
EndProject
Project("{2150E333-8FDC-42A3-9474-1A3956D46DE8}") = "Apps", "Apps", "{38B9F3AB-2010-4AEE-9A40-8421FDCE1BFF}"
EndProject
Project("{9A19103F-16F7-4668-BE54-9A1E7A4F7556}") = "WebApi", "WebApi\WebApi.csproj", "{B70F9572-21C7-4BF6-B0F5-D590F971232F}"
EndProject
Project("{2150E333-8FDC-42A3-9474-1A3956D46DE8}") = "Tests", "Tests", "{EFFEE6BA-45C8-43D4-897B-C741641C003C}"
EndProject
Project("{9A19103F-16F7-4668-BE54-9A1E7A4F7556}") = "Tests", "Tests\Tests.csproj", "{7E9693E1-9A66-4D96-BA75-9096B55F77A0}"
EndProject
Global
	GlobalSection(SolutionConfigurationPlatforms) = preSolution
		Debug|Any CPU = Debug|Any CPU
		Release|Any CPU = Release|Any CPU
	EndGlobalSection
	GlobalSection(ProjectConfigurationPlatforms) = postSolution
		{1BCF5936-F605-43A8-AB1B-A679A12905CB}.Debug|Any CPU.ActiveCfg = Debug|Any CPU
		{1BCF5936-F605-43A8-AB1B-A679A12905CB}.Debug|Any CPU.Build.0 = Debug|Any CPU
		{1BCF5936-F605-43A8-AB1B-A679A12905CB}.Release|Any CPU.ActiveCfg = Release|Any CPU
		{1BCF5936-F605-43A8-AB1B-A679A12905CB}.Release|Any CPU.Build.0 = Release|Any CPU
		{81FE49B7-B55C-49D5-9AF5-AF62FB4115BF}.Debug|Any CPU.ActiveCfg = Debug|Any CPU
		{81FE49B7-B55C-49D5-9AF5-AF62FB4115BF}.Debug|Any CPU.Build.0 = Debug|Any CPU
		{81FE49B7-B55C-49D5-9AF5-AF62FB4115BF}.Release|Any CPU.ActiveCfg = Release|Any CPU
		{81FE49B7-B55C-49D5-9AF5-AF62FB4115BF}.Release|Any CPU.Build.0 = Release|Any CPU
		{1112C0E4-61C9-4E1B-A313-670033609DBE}.Debug|Any CPU.ActiveCfg = Debug|Any CPU
		{1112C0E4-61C9-4E1B-A313-670033609DBE}.Debug|Any CPU.Build.0 = Debug|Any CPU
		{1112C0E4-61C9-4E1B-A313-670033609DBE}.Release|Any CPU.ActiveCfg = Release|Any CPU
		{1112C0E4-61C9-4E1B-A313-670033609DBE}.Release|Any CPU.Build.0 = Release|Any CPU
		{B70F9572-21C7-4BF6-B0F5-D590F971232F}.Debug|Any CPU.ActiveCfg = Debug|Any CPU
		{B70F9572-21C7-4BF6-B0F5-D590F971232F}.Debug|Any CPU.Build.0 = Debug|Any CPU
		{B70F9572-21C7-4BF6-B0F5-D590F971232F}.Release|Any CPU.ActiveCfg = Release|Any CPU
		{B70F9572-21C7-4BF6-B0F5-D590F971232F}.Release|Any CPU.Build.0 = Release|Any CPU
		{7E9693E1-9A66-4D96-BA75-9096B55F77A0}.Debug|Any CPU.ActiveCfg = Debug|Any CPU
		{7E9693E1-9A66-4D96-BA75-9096B55F77A0}.Debug|Any CPU.Build.0 = Debug|Any CPU
		{7E9693E1-9A66-4D96-BA75-9096B55F77A0}.Release|Any CPU.ActiveCfg = Release|Any CPU
		{7E9693E1-9A66-4D96-BA75-9096B55F77A0}.Release|Any CPU.Build.0 = Release|Any CPU
	EndGlobalSection
	GlobalSection(SolutionProperties) = preSolution
		HideSolutionNode = FALSE
	EndGlobalSection
	GlobalSection(NestedProjects) = preSolution
		{7AA7A53C-3895-48F7-A83A-BC2136A47D22} = {81E9CA26-17C9-4E80-AACD-7E44E1249373}
		{1BCF5936-F605-43A8-AB1B-A679A12905CB} = {7AA7A53C-3895-48F7-A83A-BC2136A47D22}
		{81FE49B7-B55C-49D5-9AF5-AF62FB4115BF} = {7AA7A53C-3895-48F7-A83A-BC2136A47D22}
		{1112C0E4-61C9-4E1B-A313-670033609DBE} = {7AA7A53C-3895-48F7-A83A-BC2136A47D22}
		{38B9F3AB-2010-4AEE-9A40-8421FDCE1BFF} = {81E9CA26-17C9-4E80-AACD-7E44E1249373}
		{B70F9572-21C7-4BF6-B0F5-D590F971232F} = {38B9F3AB-2010-4AEE-9A40-8421FDCE1BFF}
		{EFFEE6BA-45C8-43D4-897B-C741641C003C} = {81E9CA26-17C9-4E80-AACD-7E44E1249373}
		{7E9693E1-9A66-4D96-BA75-9096B55F77A0} = {EFFEE6BA-45C8-43D4-897B-C741641C003C}
	EndGlobalSection
	GlobalSection(ExtensibilityGlobals) = postSolution
		SolutionGuid = {FD48C8DA-723B-4997-A91A-7369F33D8178}
	EndGlobalSection
EndGlobal
